
Microsoft Visual Studio Solution File, Format Version 12.00
# Visual Studio Version 17
VisualStudioVersion = 17.12.35707.178
MinimumVisualStudioVersion = 10.0.40219.1
Project("{FAE04EC0-301F-11D3-BF4B-00C04F79EFBC}") = "Lab1", "Lab1\Lab1.csproj", "{4C7E651D-614D-4EC9-875B-7D78CEFC66E4}"
EndProject
Project("{FAE04EC0-301F-11D3-BF4B-00C04F79EFBC}") = "Task.2", "Task.2\Task.2.csproj", "{D092B9AF-A511-413F-BA0A-AC067812AFC0}"
EndProject
Project("{FAE04EC0-301F-11D3-BF4B-00C04F79EFBC}") = "Task.3", "Task.3\Task.3.csproj", "{79A9642F-572E-494C-A065-20902B62F9F1}"
EndProject
Project("{FAE04EC0-301F-11D3-BF4B-00C04F79EFBC}") = "Task.4", "Task.4\Task.4.csproj", "{040E4109-9CDC-40D1-AB24-DA47A82BD86E}"
EndProject
Project("{FAE04EC0-301F-11D3-BF4B-00C04F79EFBC}") = "Task. 5", "Task. 5\Task. 5.csproj", "{C99B1B02-25AB-43CE-9EC4-F25A17AC66E7}"
EndProject
Project("{FAE04EC0-301F-11D3-BF4B-00C04F79EFBC}") = "Task.6", "Task.6\Task.6.csproj", "{CC67F1A5-C2A3-4044-B5F3-7DF292C19A8E}"
EndProject
Global
	GlobalSection(SolutionConfigurationPlatforms) = preSolution
		Debug|Any CPU = Debug|Any CPU
		Release|Any CPU = Release|Any CPU
	EndGlobalSection
	GlobalSection(ProjectConfigurationPlatforms) = postSolution
		{4C7E651D-614D-4EC9-875B-7D78CEFC66E4}.Debug|Any CPU.ActiveCfg = Debug|Any CPU
		{4C7E651D-614D-4EC9-875B-7D78CEFC66E4}.Debug|Any CPU.Build.0 = Debug|Any CPU
		{4C7E651D-614D-4EC9-875B-7D78CEFC66E4}.Release|Any CPU.ActiveCfg = Release|Any CPU
		{4C7E651D-614D-4EC9-875B-7D78CEFC66E4}.Release|Any CPU.Build.0 = Release|Any CPU
		{D092B9AF-A511-413F-BA0A-AC067812AFC0}.Debug|Any CPU.ActiveCfg = Debug|Any CPU
		{D092B9AF-A511-413F-BA0A-AC067812AFC0}.Debug|Any CPU.Build.0 = Debug|Any CPU
		{D092B9AF-A511-413F-BA0A-AC067812AFC0}.Release|Any CPU.ActiveCfg = Release|Any CPU
		{D092B9AF-A511-413F-BA0A-AC067812AFC0}.Release|Any CPU.Build.0 = Release|Any CPU
		{79A9642F-572E-494C-A065-20902B62F9F1}.Debug|Any CPU.ActiveCfg = Debug|Any CPU
		{79A9642F-572E-494C-A065-20902B62F9F1}.Debug|Any CPU.Build.0 = Debug|Any CPU
		{79A9642F-572E-494C-A065-20902B62F9F1}.Release|Any CPU.ActiveCfg = Release|Any CPU
		{79A9642F-572E-494C-A065-20902B62F9F1}.Release|Any CPU.Build.0 = Release|Any CPU
		{040E4109-9CDC-40D1-AB24-DA47A82BD86E}.Debug|Any CPU.ActiveCfg = Debug|Any CPU
		{040E4109-9CDC-40D1-AB24-DA47A82BD86E}.Debug|Any CPU.Build.0 = Debug|Any CPU
		{040E4109-9CDC-40D1-AB24-DA47A82BD86E}.Release|Any CPU.ActiveCfg = Release|Any CPU
		{040E4109-9CDC-40D1-AB24-DA47A82BD86E}.Release|Any CPU.Build.0 = Release|Any CPU
		{C99B1B02-25AB-43CE-9EC4-F25A17AC66E7}.Debug|Any CPU.ActiveCfg = Debug|Any CPU
		{C99B1B02-25AB-43CE-9EC4-F25A17AC66E7}.Debug|Any CPU.Build.0 = Debug|Any CPU
		{C99B1B02-25AB-43CE-9EC4-F25A17AC66E7}.Release|Any CPU.ActiveCfg = Release|Any CPU
		{C99B1B02-25AB-43CE-9EC4-F25A17AC66E7}.Release|Any CPU.Build.0 = Release|Any CPU
		{CC67F1A5-C2A3-4044-B5F3-7DF292C19A8E}.Debug|Any CPU.ActiveCfg = Debug|Any CPU
		{CC67F1A5-C2A3-4044-B5F3-7DF292C19A8E}.Debug|Any CPU.Build.0 = Debug|Any CPU
		{CC67F1A5-C2A3-4044-B5F3-7DF292C19A8E}.Release|Any CPU.ActiveCfg = Release|Any CPU
		{CC67F1A5-C2A3-4044-B5F3-7DF292C19A8E}.Release|Any CPU.Build.0 = Release|Any CPU
	EndGlobalSection
	GlobalSection(SolutionProperties) = preSolution
		HideSolutionNode = FALSE
	EndGlobalSection
EndGlobal
